
Microsoft Visual Studio Solution File, Format Version 12.00
# Visual Studio 15
VisualStudioVersion = 15.0.28307.102
MinimumVisualStudioVersion = 10.0.40219.1
Project("{FAE04EC0-301F-11D3-BF4B-00C04F79EFBC}") = "MinistryApp.Android", "MinistryApp\MinistryApp.Android\MinistryApp.Android.csproj", "{72F4124F-6E2B-44D8-9745-F1DCF17EB381}"
EndProject
Project("{FAE04EC0-301F-11D3-BF4B-00C04F79EFBC}") = "MinistryApp.iOS", "MinistryApp\MinistryApp.iOS\MinistryApp.iOS.csproj", "{A7975280-71E4-4E91-8808-2F217CA74F34}"
EndProject
Project("{9A19103F-16F7-4668-BE54-9A1E7A4F7556}") = "MinistryApp", "MinistryApp\MinistryApp\MinistryApp.csproj", "{7DE62660-9AC8-40B6-9590-1FB1A2E0ECB5}"
EndProject
Project("{2150E333-8FDC-42A3-9474-1A3956D46DE8}") = "Solution Items", "Solution Items", "{29AD737E-D45B-4B1F-A6E4-54707A3AED71}"
	ProjectSection(SolutionItems) = preProject
		Task Sheet.txt = Task Sheet.txt
	EndProjectSection
EndProject
Global
	GlobalSection(SolutionConfigurationPlatforms) = preSolution
		Ad-Hoc|Any CPU = Ad-Hoc|Any CPU
		Ad-Hoc|iPhone = Ad-Hoc|iPhone
		Ad-Hoc|iPhoneSimulator = Ad-Hoc|iPhoneSimulator
		AppStore|Any CPU = AppStore|Any CPU
		AppStore|iPhone = AppStore|iPhone
		AppStore|iPhoneSimulator = AppStore|iPhoneSimulator
		Debug|Any CPU = Debug|Any CPU
		Debug|iPhone = Debug|iPhone
		Debug|iPhoneSimulator = Debug|iPhoneSimulator
		Release|Any CPU = Release|Any CPU
		Release|iPhone = Release|iPhone
		Release|iPhoneSimulator = Release|iPhoneSimulator
	EndGlobalSection
	GlobalSection(ProjectConfigurationPlatforms) = postSolution
		{72F4124F-6E2B-44D8-9745-F1DCF17EB381}.Ad-Hoc|Any CPU.ActiveCfg = Release|Any CPU
		{72F4124F-6E2B-44D8-9745-F1DCF17EB381}.Ad-Hoc|Any CPU.Build.0 = Release|Any CPU
		{72F4124F-6E2B-44D8-9745-F1DCF17EB381}.Ad-Hoc|Any CPU.Deploy.0 = Release|Any CPU
		{72F4124F-6E2B-44D8-9745-F1DCF17EB381}.Ad-Hoc|iPhone.ActiveCfg = Release|Any CPU
		{72F4124F-6E2B-44D8-9745-F1DCF17EB381}.Ad-Hoc|iPhone.Build.0 = Release|Any CPU
		{72F4124F-6E2B-44D8-9745-F1DCF17EB381}.Ad-Hoc|iPhone.Deploy.0 = Release|Any CPU
		{72F4124F-6E2B-44D8-9745-F1DCF17EB381}.Ad-Hoc|iPhoneSimulator.ActiveCfg = Release|Any CPU
		{72F4124F-6E2B-44D8-9745-F1DCF17EB381}.Ad-Hoc|iPhoneSimulator.Build.0 = Release|Any CPU
		{72F4124F-6E2B-44D8-9745-F1DCF17EB381}.Ad-Hoc|iPhoneSimulator.Deploy.0 = Release|Any CPU
		{72F4124F-6E2B-44D8-9745-F1DCF17EB381}.AppStore|Any CPU.ActiveCfg = Release|Any CPU
		{72F4124F-6E2B-44D8-9745-F1DCF17EB381}.AppStore|Any CPU.Build.0 = Release|Any CPU
		{72F4124F-6E2B-44D8-9745-F1DCF17EB381}.AppStore|Any CPU.Deploy.0 = Release|Any CPU
		{72F4124F-6E2B-44D8-9745-F1DCF17EB381}.AppStore|iPhone.ActiveCfg = Release|Any CPU
		{72F4124F-6E2B-44D8-9745-F1DCF17EB381}.AppStore|iPhone.Build.0 = Release|Any CPU
		{72F4124F-6E2B-44D8-9745-F1DCF17EB381}.AppStore|iPhone.Deploy.0 = Release|Any CPU
		{72F4124F-6E2B-44D8-9745-F1DCF17EB381}.AppStore|iPhoneSimulator.ActiveCfg = Release|Any CPU
		{72F4124F-6E2B-44D8-9745-F1DCF17EB381}.AppStore|iPhoneSimulator.Build.0 = Release|Any CPU
		{72F4124F-6E2B-44D8-9745-F1DCF17EB381}.AppStore|iPhoneSimulator.Deploy.0 = Release|Any CPU
		{72F4124F-6E2B-44D8-9745-F1DCF17EB381}.Debug|Any CPU.ActiveCfg = Debug|Any CPU
		{72F4124F-6E2B-44D8-9745-F1DCF17EB381}.Debug|Any CPU.Build.0 = Debug|Any CPU
		{72F4124F-6E2B-44D8-9745-F1DCF17EB381}.Debug|Any CPU.Deploy.0 = Debug|Any CPU
		{72F4124F-6E2B-44D8-9745-F1DCF17EB381}.Debug|iPhone.ActiveCfg = Debug|Any CPU
		{72F4124F-6E2B-44D8-9745-F1DCF17EB381}.Debug|iPhone.Build.0 = Debug|Any CPU
		{72F4124F-6E2B-44D8-9745-F1DCF17EB381}.Debug|iPhone.Deploy.0 = Debug|Any CPU
		{72F4124F-6E2B-44D8-9745-F1DCF17EB381}.Debug|iPhoneSimulator.ActiveCfg = Debug|Any CPU
		{72F4124F-6E2B-44D8-9745-F1DCF17EB381}.Debug|iPhoneSimulator.Build.0 = Debug|Any CPU
		{72F4124F-6E2B-44D8-9745-F1DCF17EB381}.Debug|iPhoneSimulator.Deploy.0 = Debug|Any CPU
		{72F4124F-6E2B-44D8-9745-F1DCF17EB381}.Release|Any CPU.ActiveCfg = Release|Any CPU
		{72F4124F-6E2B-44D8-9745-F1DCF17EB381}.Release|Any CPU.Build.0 = Release|Any CPU
		{72F4124F-6E2B-44D8-9745-F1DCF17EB381}.Release|Any CPU.Deploy.0 = Release|Any CPU
		{72F4124F-6E2B-44D8-9745-F1DCF17EB381}.Release|iPhone.ActiveCfg = Release|Any CPU
		{72F4124F-6E2B-44D8-9745-F1DCF17EB381}.Release|iPhone.Build.0 = Release|Any CPU
		{72F4124F-6E2B-44D8-9745-F1DCF17EB381}.Release|iPhone.Deploy.0 = Release|Any CPU
		{72F4124F-6E2B-44D8-9745-F1DCF17EB381}.Release|iPhoneSimulator.ActiveCfg = Release|Any CPU
		{72F4124F-6E2B-44D8-9745-F1DCF17EB381}.Release|iPhoneSimulator.Build.0 = Release|Any CPU
		{72F4124F-6E2B-44D8-9745-F1DCF17EB381}.Release|iPhoneSimulator.Deploy.0 = Release|Any CPU
		{A7975280-71E4-4E91-8808-2F217CA74F34}.Ad-Hoc|Any CPU.ActiveCfg = Ad-Hoc|iPhone
		{A7975280-71E4-4E91-8808-2F217CA74F34}.Ad-Hoc|Any CPU.Build.0 = Ad-Hoc|iPhone
		{A7975280-71E4-4E91-8808-2F217CA74F34}.Ad-Hoc|Any CPU.Deploy.0 = Ad-Hoc|iPhone
		{A7975280-71E4-4E91-8808-2F217CA74F34}.Ad-Hoc|iPhone.ActiveCfg = Ad-Hoc|iPhone
		{A7975280-71E4-4E91-8808-2F217CA74F34}.Ad-Hoc|iPhone.Build.0 = Ad-Hoc|iPhone
		{A7975280-71E4-4E91-8808-2F217CA74F34}.Ad-Hoc|iPhone.Deploy.0 = Ad-Hoc|iPhone
		{A7975280-71E4-4E91-8808-2F217CA74F34}.Ad-Hoc|iPhoneSimulator.ActiveCfg = Ad-Hoc|iPhoneSimulator
		{A7975280-71E4-4E91-8808-2F217CA74F34}.Ad-Hoc|iPhoneSimulator.Build.0 = Ad-Hoc|iPhoneSimulator
		{A7975280-71E4-4E91-8808-2F217CA74F34}.Ad-Hoc|iPhoneSimulator.Deploy.0 = Ad-Hoc|iPhoneSimulator
		{A7975280-71E4-4E91-8808-2F217CA74F34}.AppStore|Any CPU.ActiveCfg = AppStore|iPhone
		{A7975280-71E4-4E91-8808-2F217CA74F34}.AppStore|Any CPU.Build.0 = AppStore|iPhone
		{A7975280-71E4-4E91-8808-2F217CA74F34}.AppStore|Any CPU.Deploy.0 = AppStore|iPhone
		{A7975280-71E4-4E91-8808-2F217CA74F34}.AppStore|iPhone.ActiveCfg = AppStore|iPhone
		{A7975280-71E4-4E91-8808-2F217CA74F34}.AppStore|iPhone.Build.0 = AppStore|iPhone
		{A7975280-71E4-4E91-8808-2F217CA74F34}.AppStore|iPhone.Deploy.0 = AppStore|iPhone
		{A7975280-71E4-4E91-8808-2F217CA74F34}.AppStore|iPhoneSimulator.ActiveCfg = AppStore|iPhoneSimulator
		{A7975280-71E4-4E91-8808-2F217CA74F34}.AppStore|iPhoneSimulator.Build.0 = AppStore|iPhoneSimulator
		{A7975280-71E4-4E91-8808-2F217CA74F34}.AppStore|iPhoneSimulator.Deploy.0 = AppStore|iPhoneSimulator
		{A7975280-71E4-4E91-8808-2F217CA74F34}.Debug|Any CPU.ActiveCfg = Debug|iPhoneSimulator
		{A7975280-71E4-4E91-8808-2F217CA74F34}.Debug|Any CPU.Build.0 = Debug|iPhoneSimulator
		{A7975280-71E4-4E91-8808-2F217CA74F34}.Debug|Any CPU.Deploy.0 = Debug|iPhoneSimulator
		{A7975280-71E4-4E91-8808-2F217CA74F34}.Debug|iPhone.ActiveCfg = Debug|iPhone
		{A7975280-71E4-4E91-8808-2F217CA74F34}.Debug|iPhone.Build.0 = Debug|iPhone
		{A7975280-71E4-4E91-8808-2F217CA74F34}.Debug|iPhone.Deploy.0 = Debug|iPhone
		{A7975280-71E4-4E91-8808-2F217CA74F34}.Debug|iPhoneSimulator.ActiveCfg = Debug|iPhoneSimulator
		{A7975280-71E4-4E91-8808-2F217CA74F34}.Debug|iPhoneSimulator.Build.0 = Debug|iPhoneSimulator
		{A7975280-71E4-4E91-8808-2F217CA74F34}.Debug|iPhoneSimulator.Deploy.0 = Debug|iPhoneSimulator
		{A7975280-71E4-4E91-8808-2F217CA74F34}.Release|Any CPU.ActiveCfg = Release|iPhone
		{A7975280-71E4-4E91-8808-2F217CA74F34}.Release|Any CPU.Build.0 = Release|iPhone
		{A7975280-71E4-4E91-8808-2F217CA74F34}.Release|Any CPU.Deploy.0 = Release|iPhone
		{A7975280-71E4-4E91-8808-2F217CA74F34}.Release|iPhone.ActiveCfg = Release|iPhone
		{A7975280-71E4-4E91-8808-2F217CA74F34}.Release|iPhone.Build.0 = Release|iPhone
		{A7975280-71E4-4E91-8808-2F217CA74F34}.Release|iPhone.Deploy.0 = Release|iPhone
		{A7975280-71E4-4E91-8808-2F217CA74F34}.Release|iPhoneSimulator.ActiveCfg = Release|iPhoneSimulator
		{A7975280-71E4-4E91-8808-2F217CA74F34}.Release|iPhoneSimulator.Build.0 = Release|iPhoneSimulator
		{A7975280-71E4-4E91-8808-2F217CA74F34}.Release|iPhoneSimulator.Deploy.0 = Release|iPhoneSimulator
		{7DE62660-9AC8-40B6-9590-1FB1A2E0ECB5}.Ad-Hoc|Any CPU.ActiveCfg = Debug|Any CPU
		{7DE62660-9AC8-40B6-9590-1FB1A2E0ECB5}.Ad-Hoc|Any CPU.Build.0 = Debug|Any CPU
		{7DE62660-9AC8-40B6-9590-1FB1A2E0ECB5}.Ad-Hoc|Any CPU.Deploy.0 = Debug|Any CPU
		{7DE62660-9AC8-40B6-9590-1FB1A2E0ECB5}.Ad-Hoc|iPhone.ActiveCfg = Debug|Any CPU
		{7DE62660-9AC8-40B6-9590-1FB1A2E0ECB5}.Ad-Hoc|iPhone.Build.0 = Debug|Any CPU
		{7DE62660-9AC8-40B6-9590-1FB1A2E0ECB5}.Ad-Hoc|iPhone.Deploy.0 = Debug|Any CPU
		{7DE62660-9AC8-40B6-9590-1FB1A2E0ECB5}.Ad-Hoc|iPhoneSimulator.ActiveCfg = Debug|Any CPU
		{7DE62660-9AC8-40B6-9590-1FB1A2E0ECB5}.Ad-Hoc|iPhoneSimulator.Build.0 = Debug|Any CPU
		{7DE62660-9AC8-40B6-9590-1FB1A2E0ECB5}.Ad-Hoc|iPhoneSimulator.Deploy.0 = Debug|Any CPU
		{7DE62660-9AC8-40B6-9590-1FB1A2E0ECB5}.AppStore|Any CPU.ActiveCfg = Debug|Any CPU
		{7DE62660-9AC8-40B6-9590-1FB1A2E0ECB5}.AppStore|Any CPU.Build.0 = Debug|Any CPU
		{7DE62660-9AC8-40B6-9590-1FB1A2E0ECB5}.AppStore|Any CPU.Deploy.0 = Debug|Any CPU
		{7DE62660-9AC8-40B6-9590-1FB1A2E0ECB5}.AppStore|iPhone.ActiveCfg = Debug|Any CPU
		{7DE62660-9AC8-40B6-9590-1FB1A2E0ECB5}.AppStore|iPhone.Build.0 = Debug|Any CPU
		{7DE62660-9AC8-40B6-9590-1FB1A2E0ECB5}.AppStore|iPhone.Deploy.0 = Debug|Any CPU
		{7DE62660-9AC8-40B6-9590-1FB1A2E0ECB5}.AppStore|iPhoneSimulator.ActiveCfg = Debug|Any CPU
		{7DE62660-9AC8-40B6-9590-1FB1A2E0ECB5}.AppStore|iPhoneSimulator.Build.0 = Debug|Any CPU
		{7DE62660-9AC8-40B6-9590-1FB1A2E0ECB5}.AppStore|iPhoneSimulator.Deploy.0 = Debug|Any CPU
		{7DE62660-9AC8-40B6-9590-1FB1A2E0ECB5}.Debug|Any CPU.ActiveCfg = Debug|Any CPU
		{7DE62660-9AC8-40B6-9590-1FB1A2E0ECB5}.Debug|Any CPU.Build.0 = Debug|Any CPU
		{7DE62660-9AC8-40B6-9590-1FB1A2E0ECB5}.Debug|Any CPU.Deploy.0 = Debug|Any CPU
		{7DE62660-9AC8-40B6-9590-1FB1A2E0ECB5}.Debug|iPhone.ActiveCfg = Debug|Any CPU
		{7DE62660-9AC8-40B6-9590-1FB1A2E0ECB5}.Debug|iPhone.Build.0 = Debug|Any CPU
		{7DE62660-9AC8-40B6-9590-1FB1A2E0ECB5}.Debug|iPhone.Deploy.0 = Debug|Any CPU
		{7DE62660-9AC8-40B6-9590-1FB1A2E0ECB5}.Debug|iPhoneSimulator.ActiveCfg = Debug|Any CPU
		{7DE62660-9AC8-40B6-9590-1FB1A2E0ECB5}.Debug|iPhoneSimulator.Build.0 = Debug|Any CPU
		{7DE62660-9AC8-40B6-9590-1FB1A2E0ECB5}.Debug|iPhoneSimulator.Deploy.0 = Debug|Any CPU
		{7DE62660-9AC8-40B6-9590-1FB1A2E0ECB5}.Release|Any CPU.ActiveCfg = Release|Any CPU
		{7DE62660-9AC8-40B6-9590-1FB1A2E0ECB5}.Release|Any CPU.Build.0 = Release|Any CPU
		{7DE62660-9AC8-40B6-9590-1FB1A2E0ECB5}.Release|Any CPU.Deploy.0 = Release|Any CPU
		{7DE62660-9AC8-40B6-9590-1FB1A2E0ECB5}.Release|iPhone.ActiveCfg = Release|Any CPU
		{7DE62660-9AC8-40B6-9590-1FB1A2E0ECB5}.Release|iPhone.Build.0 = Release|Any CPU
		{7DE62660-9AC8-40B6-9590-1FB1A2E0ECB5}.Release|iPhone.Deploy.0 = Release|Any CPU
		{7DE62660-9AC8-40B6-9590-1FB1A2E0ECB5}.Release|iPhoneSimulator.ActiveCfg = Release|Any CPU
		{7DE62660-9AC8-40B6-9590-1FB1A2E0ECB5}.Release|iPhoneSimulator.Build.0 = Release|Any CPU
		{7DE62660-9AC8-40B6-9590-1FB1A2E0ECB5}.Release|iPhoneSimulator.Deploy.0 = Release|Any CPU
	EndGlobalSection
	GlobalSection(SolutionProperties) = preSolution
		HideSolutionNode = FALSE
	EndGlobalSection
	GlobalSection(ExtensibilityGlobals) = postSolution
		SolutionGuid = {B0D5545D-F502-4934-A0AB-320639D7BE9A}
	EndGlobalSection
EndGlobal
